
Microsoft Visual Studio Solution File, Format Version 12.00
# Visual Studio 15
VisualStudioVersion = 15.0.28010.2036
MinimumVisualStudioVersion = 10.0.40219.1
Project("{FAE04EC0-301F-11D3-BF4B-00C04F79EFBC}") = "l1", "l1\l1.csproj", "{BC607978-1D1D-4280-8811-500CB9A8A4C0}"
EndProject
Global
	GlobalSection(SolutionConfigurationPlatforms) = preSolution
		Debug|Any CPU = Debug|Any CPU
		Release|Any CPU = Release|Any CPU
	EndGlobalSection
	GlobalSection(ProjectConfigurationPlatforms) = postSolution
		{BC607978-1D1D-4280-8811-500CB9A8A4C0}.Debug|Any CPU.ActiveCfg = Debug|Any CPU
		{BC607978-1D1D-4280-8811-500CB9A8A4C0}.Debug|Any CPU.Build.0 = Debug|Any CPU
		{BC607978-1D1D-4280-8811-500CB9A8A4C0}.Release|Any CPU.ActiveCfg = Release|Any CPU
		{BC607978-1D1D-4280-8811-500CB9A8A4C0}.Release|Any CPU.Build.0 = Release|Any CPU
	EndGlobalSection
	GlobalSection(SolutionProperties) = preSolution
		HideSolutionNode = FALSE
	EndGlobalSection
	GlobalSection(ExtensibilityGlobals) = postSolution
		SolutionGuid = {D6A90CE9-822D-45BE-BF7C-CCC81653FAEE}
	EndGlobalSection
EndGlobal
